
Microsoft Visual Studio Solution File, Format Version 12.00
# Visual Studio Version 17
VisualStudioVersion = 17.0.32014.148
MinimumVisualStudioVersion = 10.0.40219.1
Project("{9A19103F-16F7-4668-BE54-9A1E7A4F7556}") = "Collections", "Collections\Collections.csproj", "{68F66A45-1B93-44B6-A17F-9DABB9BC796A}"
EndProject
Project("{9A19103F-16F7-4668-BE54-9A1E7A4F7556}") = "TestCollections", "TestCollections\TestCollections.csproj", "{8B287D22-8F45-450B-B94F-EF87A9DD37F4}"
EndProject
Global
	GlobalSection(SolutionConfigurationPlatforms) = preSolution
		Debug|Any CPU = Debug|Any CPU
		Release|Any CPU = Release|Any CPU
	EndGlobalSection
	GlobalSection(ProjectConfigurationPlatforms) = postSolution
		{68F66A45-1B93-44B6-A17F-9DABB9BC796A}.Debug|Any CPU.ActiveCfg = Debug|Any CPU
		{68F66A45-1B93-44B6-A17F-9DABB9BC796A}.Debug|Any CPU.Build.0 = Debug|Any CPU
		{68F66A45-1B93-44B6-A17F-9DABB9BC796A}.Release|Any CPU.ActiveCfg = Release|Any CPU
		{68F66A45-1B93-44B6-A17F-9DABB9BC796A}.Release|Any CPU.Build.0 = Release|Any CPU
		{8B287D22-8F45-450B-B94F-EF87A9DD37F4}.Debug|Any CPU.ActiveCfg = Debug|Any CPU
		{8B287D22-8F45-450B-B94F-EF87A9DD37F4}.Debug|Any CPU.Build.0 = Debug|Any CPU
		{8B287D22-8F45-450B-B94F-EF87A9DD37F4}.Release|Any CPU.ActiveCfg = Release|Any CPU
		{8B287D22-8F45-450B-B94F-EF87A9DD37F4}.Release|Any CPU.Build.0 = Release|Any CPU
	EndGlobalSection
	GlobalSection(SolutionProperties) = preSolution
		HideSolutionNode = FALSE
	EndGlobalSection
	GlobalSection(ExtensibilityGlobals) = postSolution
		SolutionGuid = {5493EE8B-BACE-49D7-9884-3ABB948FCABA}
	EndGlobalSection
EndGlobal
